// !$*UTF8*$!
{
	archiveVersion = 1;
	classes = {
	};
	objectVersion = 55;
	objects = {

/* Begin PBXBuildFile section */
		F63F88F927C95DAD00187A4A /* MusicByLocationApp.swift in Sources */ = {isa = PBXBuildFile; fileRef = F63F88F827C95DAD00187A4A /* MusicByLocationApp.swift */; };
		F63F88FB27C95DAD00187A4A /* ContentView.swift in Sources */ = {isa = PBXBuildFile; fileRef = F63F88FA27C95DAD00187A4A /* ContentView.swift */; };
		F63F88FD27C95DAF00187A4A /* Assets.xcassets in Resources */ = {isa = PBXBuildFile; fileRef = F63F88FC27C95DAF00187A4A /* Assets.xcassets */; };
		F63F890027C95DAF00187A4A /* Preview Assets.xcassets in Resources */ = {isa = PBXBuildFile; fileRef = F63F88FF27C95DAF00187A4A /* Preview Assets.xcassets */; };
		F63F890A27C95DAF00187A4A /* MusicByLocationTests.swift in Sources */ = {isa = PBXBuildFile; fileRef = F63F890927C95DAF00187A4A /* MusicByLocationTests.swift */; };
		F63F891427C95DAF00187A4A /* MusicByLocationUITests.swift in Sources */ = {isa = PBXBuildFile; fileRef = F63F891327C95DAF00187A4A /* MusicByLocationUITests.swift */; };
		F63F891627C95DAF00187A4A /* MusicByLocationUITestsLaunchTests.swift in Sources */ = {isa = PBXBuildFile; fileRef = F63F891527C95DAF00187A4A /* MusicByLocationUITestsLaunchTests.swift */; };
		F63F892327C95E9C00187A4A /* LocationHandler.swift in Sources */ = {isa = PBXBuildFile; fileRef = F63F892227C95E9C00187A4A /* LocationHandler.swift */; };
		F69166F427CD6DC6001D129D /* CLPlacemark.swift in Sources */ = {isa = PBXBuildFile; fileRef = F69166F327CD6DC6001D129D /* CLPlacemark.swift */; };
		F69166F627CD6EDE001D129D /* StateController.swift in Sources */ = {isa = PBXBuildFile; fileRef = F69166F527CD6EDE001D129D /* StateController.swift */; };
		F69166FC27CD88A4001D129D /* ArtistResponse.swift in Sources */ = {isa = PBXBuildFile; fileRef = F69166FB27CD88A4001D129D /* ArtistResponse.swift */; };
		F69166FE27CD891F001D129D /* Artist.swift in Sources */ = {isa = PBXBuildFile; fileRef = F69166FD27CD891F001D129D /* Artist.swift */; };
/* End PBXBuildFile section */

/* Begin PBXContainerItemProxy section */
		F63F890627C95DAF00187A4A /* PBXContainerItemProxy */ = {
			isa = PBXContainerItemProxy;
			containerPortal = F63F88ED27C95DAD00187A4A /* Project object */;
			proxyType = 1;
			remoteGlobalIDString = F63F88F427C95DAD00187A4A;
			remoteInfo = MusicByLocation;
		};
		F63F891027C95DAF00187A4A /* PBXContainerItemProxy */ = {
			isa = PBXContainerItemProxy;
			containerPortal = F63F88ED27C95DAD00187A4A /* Project object */;
			proxyType = 1;
			remoteGlobalIDString = F63F88F427C95DAD00187A4A;
			remoteInfo = MusicByLocation;
		};
/* End PBXContainerItemProxy section */

/* Begin PBXFileReference section */
		F63F88F527C95DAD00187A4A /* MusicByLocation.app */ = {isa = PBXFileReference; explicitFileType = wrapper.application; includeInIndex = 0; path = MusicByLocation.app; sourceTree = BUILT_PRODUCTS_DIR; };
		F63F88F827C95DAD00187A4A /* MusicByLocationApp.swift */ = {isa = PBXFileReference; lastKnownFileType = sourcecode.swift; path = MusicByLocationApp.swift; sourceTree = "<group>"; };
		F63F88FA27C95DAD00187A4A /* ContentView.swift */ = {isa = PBXFileReference; lastKnownFileType = sourcecode.swift; path = ContentView.swift; sourceTree = "<group>"; };
		F63F88FC27C95DAF00187A4A /* Assets.xcassets */ = {isa = PBXFileReference; lastKnownFileType = folder.assetcatalog; path = Assets.xcassets; sourceTree = "<group>"; };
		F63F88FF27C95DAF00187A4A /* Preview Assets.xcassets */ = {isa = PBXFileReference; lastKnownFileType = folder.assetcatalog; path = "Preview Assets.xcassets"; sourceTree = "<group>"; };
		F63F890527C95DAF00187A4A /* MusicByLocationTests.xctest */ = {isa = PBXFileReference; explicitFileType = wrapper.cfbundle; includeInIndex = 0; path = MusicByLocationTests.xctest; sourceTree = BUILT_PRODUCTS_DIR; };
		F63F890927C95DAF00187A4A /* MusicByLocationTests.swift */ = {isa = PBXFileReference; lastKnownFileType = sourcecode.swift; path = MusicByLocationTests.swift; sourceTree = "<group>"; };
		F63F890F27C95DAF00187A4A /* MusicByLocationUITests.xctest */ = {isa = PBXFileReference; explicitFileType = wrapper.cfbundle; includeInIndex = 0; path = MusicByLocationUITests.xctest; sourceTree = BUILT_PRODUCTS_DIR; };
		F63F891327C95DAF00187A4A /* MusicByLocationUITests.swift */ = {isa = PBXFileReference; lastKnownFileType = sourcecode.swift; path = MusicByLocationUITests.swift; sourceTree = "<group>"; };
		F63F891527C95DAF00187A4A /* MusicByLocationUITestsLaunchTests.swift */ = {isa = PBXFileReference; lastKnownFileType = sourcecode.swift; path = MusicByLocationUITestsLaunchTests.swift; sourceTree = "<group>"; };
		F63F892227C95E9C00187A4A /* LocationHandler.swift */ = {isa = PBXFileReference; lastKnownFileType = sourcecode.swift; path = LocationHandler.swift; sourceTree = "<group>"; };
		F69166F327CD6DC6001D129D /* CLPlacemark.swift */ = {isa = PBXFileReference; lastKnownFileType = sourcecode.swift; path = CLPlacemark.swift; sourceTree = "<group>"; };
		F69166F527CD6EDE001D129D /* StateController.swift */ = {isa = PBXFileReference; lastKnownFileType = sourcecode.swift; path = StateController.swift; sourceTree = "<group>"; };
		F69166FB27CD88A4001D129D /* ArtistResponse.swift */ = {isa = PBXFileReference; lastKnownFileType = sourcecode.swift; path = ArtistResponse.swift; sourceTree = "<group>"; };
		F69166FD27CD891F001D129D /* Artist.swift */ = {isa = PBXFileReference; lastKnownFileType = sourcecode.swift; path = Artist.swift; sourceTree = "<group>"; };
/* End PBXFileReference section */

/* Begin PBXFrameworksBuildPhase section */
		F63F88F227C95DAD00187A4A /* Frameworks */ = {
			isa = PBXFrameworksBuildPhase;
			buildActionMask = 2147483647;
			files = (
			);
			runOnlyForDeploymentPostprocessing = 0;
		};
		F63F890227C95DAF00187A4A /* Frameworks */ = {
			isa = PBXFrameworksBuildPhase;
			buildActionMask = 2147483647;
			files = (
			);
			runOnlyForDeploymentPostprocessing = 0;
		};
		F63F890C27C95DAF00187A4A /* Frameworks */ = {
			isa = PBXFrameworksBuildPhase;
			buildActionMask = 2147483647;
			files = (
			);
			runOnlyForDeploymentPostprocessing = 0;
		};
/* End PBXFrameworksBuildPhase section */

/* Begin PBXGroup section */
		F63F88EC27C95DAD00187A4A = {
			isa = PBXGroup;
			children = (
				F63F88F727C95DAD00187A4A /* MusicByLocation */,
				F63F890827C95DAF00187A4A /* MusicByLocationTests */,
				F63F891227C95DAF00187A4A /* MusicByLocationUITests */,
				F63F88F627C95DAD00187A4A /* Products */,
			);
			sourceTree = "<group>";
		};
		F63F88F627C95DAD00187A4A /* Products */ = {
			isa = PBXGroup;
			children = (
				F63F88F527C95DAD00187A4A /* MusicByLocation.app */,
				F63F890527C95DAF00187A4A /* MusicByLocationTests.xctest */,
				F63F890F27C95DAF00187A4A /* MusicByLocationUITests.xctest */,
			);
			name = Products;
			sourceTree = "<group>";
		};
		F63F88F727C95DAD00187A4A /* MusicByLocation */ = {
			isa = PBXGroup;
			children = (
				F69166FA27CD8893001D129D /* Model */,
				F69166F227CD6DBB001D129D /* Extensions */,
				F63F88F827C95DAD00187A4A /* MusicByLocationApp.swift */,
				F63F88FA27C95DAD00187A4A /* ContentView.swift */,
				F63F892227C95E9C00187A4A /* LocationHandler.swift */,
				F69166F527CD6EDE001D129D /* StateController.swift */,
				F63F88FC27C95DAF00187A4A /* Assets.xcassets */,
				F63F88FE27C95DAF00187A4A /* Preview Content */,
			);
			path = MusicByLocation;
			sourceTree = "<group>";
		};
		F63F88FE27C95DAF00187A4A /* Preview Content */ = {
			isa = PBXGroup;
			children = (
				F63F88FF27C95DAF00187A4A /* Preview Assets.xcassets */,
			);
			path = "Preview Content";
			sourceTree = "<group>";
		};
		F63F890827C95DAF00187A4A /* MusicByLocationTests */ = {
			isa = PBXGroup;
			children = (
				F63F890927C95DAF00187A4A /* MusicByLocationTests.swift */,
			);
			path = MusicByLocationTests;
			sourceTree = "<group>";
		};
		F63F891227C95DAF00187A4A /* MusicByLocationUITests */ = {
			isa = PBXGroup;
			children = (
				F63F891327C95DAF00187A4A /* MusicByLocationUITests.swift */,
				F63F891527C95DAF00187A4A /* MusicByLocationUITestsLaunchTests.swift */,
			);
			path = MusicByLocationUITests;
			sourceTree = "<group>";
		};
		F69166F227CD6DBB001D129D /* Extensions */ = {
			isa = PBXGroup;
			children = (
				F69166F327CD6DC6001D129D /* CLPlacemark.swift */,
			);
			path = Extensions;
			sourceTree = "<group>";
		};
		F69166FA27CD8893001D129D /* Model */ = {
			isa = PBXGroup;
			children = (
				F69166FB27CD88A4001D129D /* ArtistResponse.swift */,
				F69166FD27CD891F001D129D /* Artist.swift */,
			);
			path = Model;
			sourceTree = "<group>";
		};
/* End PBXGroup section */

/* Begin PBXNativeTarget section */
		F63F88F427C95DAD00187A4A /* MusicByLocation */ = {
			isa = PBXNativeTarget;
			buildConfigurationList = F63F891927C95DAF00187A4A /* Build configuration list for PBXNativeTarget "MusicByLocation" */;
			buildPhases = (
				F63F88F127C95DAD00187A4A /* Sources */,
				F63F88F227C95DAD00187A4A /* Frameworks */,
				F63F88F327C95DAD00187A4A /* Resources */,
			);
			buildRules = (
			);
			dependencies = (
			);
			name = MusicByLocation;
			productName = MusicByLocation;
			productReference = F63F88F527C95DAD00187A4A /* MusicByLocation.app */;
			productType = "com.apple.product-type.application";
		};
		F63F890427C95DAF00187A4A /* MusicByLocationTests */ = {
			isa = PBXNativeTarget;
			buildConfigurationList = F63F891C27C95DAF00187A4A /* Build configuration list for PBXNativeTarget "MusicByLocationTests" */;
			buildPhases = (
				F63F890127C95DAF00187A4A /* Sources */,
				F63F890227C95DAF00187A4A /* Frameworks */,
				F63F890327C95DAF00187A4A /* Resources */,
			);
			buildRules = (
			);
			dependencies = (
				F63F890727C95DAF00187A4A /* PBXTargetDependency */,
			);
			name = MusicByLocationTests;
			productName = MusicByLocationTests;
			productReference = F63F890527C95DAF00187A4A /* MusicByLocationTests.xctest */;
			productType = "com.apple.product-type.bundle.unit-test";
		};
		F63F890E27C95DAF00187A4A /* MusicByLocationUITests */ = {
			isa = PBXNativeTarget;
			buildConfigurationList = F63F891F27C95DAF00187A4A /* Build configuration list for PBXNativeTarget "MusicByLocationUITests" */;
			buildPhases = (
				F63F890B27C95DAF00187A4A /* Sources */,
				F63F890C27C95DAF00187A4A /* Frameworks */,
				F63F890D27C95DAF00187A4A /* Resources */,
			);
			buildRules = (
			);
			dependencies = (
				F63F891127C95DAF00187A4A /* PBXTargetDependency */,
			);
			name = MusicByLocationUITests;
			productName = MusicByLocationUITests;
			productReference = F63F890F27C95DAF00187A4A /* MusicByLocationUITests.xctest */;
			productType = "com.apple.product-type.bundle.ui-testing";
		};
/* End PBXNativeTarget section */

/* Begin PBXProject section */
		F63F88ED27C95DAD00187A4A /* Project object */ = {
			isa = PBXProject;
			attributes = {
				BuildIndependentTargetsInParallel = 1;
				LastSwiftUpdateCheck = 1320;
				LastUpgradeCheck = 1320;
				TargetAttributes = {
					F63F88F427C95DAD00187A4A = {
						CreatedOnToolsVersion = 13.2.1;
					};
					F63F890427C95DAF00187A4A = {
						CreatedOnToolsVersion = 13.2.1;
						TestTargetID = F63F88F427C95DAD00187A4A;
					};
					F63F890E27C95DAF00187A4A = {
						CreatedOnToolsVersion = 13.2.1;
						TestTargetID = F63F88F427C95DAD00187A4A;
					};
				};
			};
			buildConfigurationList = F63F88F027C95DAD00187A4A /* Build configuration list for PBXProject "MusicByLocation" */;
			compatibilityVersion = "Xcode 13.0";
			developmentRegion = en;
			hasScannedForEncodings = 0;
			knownRegions = (
				en,
				Base,
			);
			mainGroup = F63F88EC27C95DAD00187A4A;
			productRefGroup = F63F88F627C95DAD00187A4A /* Products */;
			projectDirPath = "";
			projectRoot = "";
			targets = (
				F63F88F427C95DAD00187A4A /* MusicByLocation */,
				F63F890427C95DAF00187A4A /* MusicByLocationTests */,
				F63F890E27C95DAF00187A4A /* MusicByLocationUITests */,
			);
		};
/* End PBXProject section */

/* Begin PBXResourcesBuildPhase section */
		F63F88F327C95DAD00187A4A /* Resources */ = {
			isa = PBXResourcesBuildPhase;
			buildActionMask = 2147483647;
			files = (
				F63F890027C95DAF00187A4A /* Preview Assets.xcassets in Resources */,
				F63F88FD27C95DAF00187A4A /* Assets.xcassets in Resources */,
			);
			runOnlyForDeploymentPostprocessing = 0;
		};
		F63F890327C95DAF00187A4A /* Resources */ = {
			isa = PBXResourcesBuildPhase;
			buildActionMask = 2147483647;
			files = (
			);
			runOnlyForDeploymentPostprocessing = 0;
		};
		F63F890D27C95DAF00187A4A /* Resources */ = {
			isa = PBXResourcesBuildPhase;
			buildActionMask = 2147483647;
			files = (
			);
			runOnlyForDeploymentPostprocessing = 0;
		};
/* End PBXResourcesBuildPhase section */

/* Begin PBXSourcesBuildPhase section */
		F63F88F127C95DAD00187A4A /* Sources */ = {
			isa = PBXSourcesBuildPhase;
			buildActionMask = 2147483647;
			files = (
				F63F892327C95E9C00187A4A /* LocationHandler.swift in Sources */,
				F63F88FB27C95DAD00187A4A /* ContentView.swift in Sources */,
				F63F88F927C95DAD00187A4A /* MusicByLocationApp.swift in Sources */,
				F69166F427CD6DC6001D129D /* CLPlacemark.swift in Sources */,
				F69166F627CD6EDE001D129D /* StateController.swift in Sources */,
				F69166FC27CD88A4001D129D /* ArtistResponse.swift in Sources */,
				F69166FE27CD891F001D129D /* Artist.swift in Sources */,
			);
			runOnlyForDeploymentPostprocessing = 0;
		};
		F63F890127C95DAF00187A4A /* Sources */ = {
			isa = PBXSourcesBuildPhase;
			buildActionMask = 2147483647;
			files = (
				F63F890A27C95DAF00187A4A /* MusicByLocationTests.swift in Sources */,
			);
			runOnlyForDeploymentPostprocessing = 0;
		};
		F63F890B27C95DAF00187A4A /* Sources */ = {
			isa = PBXSourcesBuildPhase;
			buildActionMask = 2147483647;
			files = (
				F63F891627C95DAF00187A4A /* MusicByLocationUITestsLaunchTests.swift in Sources */,
				F63F891427C95DAF00187A4A /* MusicByLocationUITests.swift in Sources */,
			);
			runOnlyForDeploymentPostprocessing = 0;
		};
/* End PBXSourcesBuildPhase section */

/* Begin PBXTargetDependency section */
		F63F890727C95DAF00187A4A /* PBXTargetDependency */ = {
			isa = PBXTargetDependency;
			target = F63F88F427C95DAD00187A4A /* MusicByLocation */;
			targetProxy = F63F890627C95DAF00187A4A /* PBXContainerItemProxy */;
		};
		F63F891127C95DAF00187A4A /* PBXTargetDependency */ = {
			isa = PBXTargetDependency;
			target = F63F88F427C95DAD00187A4A /* MusicByLocation */;
			targetProxy = F63F891027C95DAF00187A4A /* PBXContainerItemProxy */;
		};
/* End PBXTargetDependency section */

/* Begin XCBuildConfiguration section */
		F63F891727C95DAF00187A4A /* Debug */ = {
			isa = XCBuildConfiguration;
			buildSettings = {
				ALWAYS_SEARCH_USER_PATHS = NO;
				CLANG_ANALYZER_NONNULL = YES;
				CLANG_ANALYZER_NUMBER_OBJECT_CONVERSION = YES_AGGRESSIVE;
				CLANG_CXX_LANGUAGE_STANDARD = "gnu++17";
				CLANG_CXX_LIBRARY = "libc++";
				CLANG_ENABLE_MODULES = YES;
				CLANG_ENABLE_OBJC_ARC = YES;
				CLANG_ENABLE_OBJC_WEAK = YES;
				CLANG_WARN_BLOCK_CAPTURE_AUTORELEASING = YES;
				CLANG_WARN_BOOL_CONVERSION = YES;
				CLANG_WARN_COMMA = YES;
				CLANG_WARN_CONSTANT_CONVERSION = YES;
				CLANG_WARN_DEPRECATED_OBJC_IMPLEMENTATIONS = YES;
				CLANG_WARN_DIRECT_OBJC_ISA_USAGE = YES_ERROR;
				CLANG_WARN_DOCUMENTATION_COMMENTS = YES;
				CLANG_WARN_EMPTY_BODY = YES;
				CLANG_WARN_ENUM_CONVERSION = YES;
				CLANG_WARN_INFINITE_RECURSION = YES;
				CLANG_WARN_INT_CONVERSION = YES;
				CLANG_WARN_NON_LITERAL_NULL_CONVERSION = YES;
				CLANG_WARN_OBJC_IMPLICIT_RETAIN_SELF = YES;
				CLANG_WARN_OBJC_LITERAL_CONVERSION = YES;
				CLANG_WARN_OBJC_ROOT_CLASS = YES_ERROR;
				CLANG_WARN_QUOTED_INCLUDE_IN_FRAMEWORK_HEADER = YES;
				CLANG_WARN_RANGE_LOOP_ANALYSIS = YES;
				CLANG_WARN_STRICT_PROTOTYPES = YES;
				CLANG_WARN_SUSPICIOUS_MOVE = YES;
				CLANG_WARN_UNGUARDED_AVAILABILITY = YES_AGGRESSIVE;
				CLANG_WARN_UNREACHABLE_CODE = YES;
				CLANG_WARN__DUPLICATE_METHOD_MATCH = YES;
				COPY_PHASE_STRIP = NO;
				DEBUG_INFORMATION_FORMAT = dwarf;
				ENABLE_STRICT_OBJC_MSGSEND = YES;
				ENABLE_TESTABILITY = YES;
				GCC_C_LANGUAGE_STANDARD = gnu11;
				GCC_DYNAMIC_NO_PIC = NO;
				GCC_NO_COMMON_BLOCKS = YES;
				GCC_OPTIMIZATION_LEVEL = 0;
				GCC_PREPROCESSOR_DEFINITIONS = (
					"DEBUG=1",
					"$(inherited)",
				);
				GCC_WARN_64_TO_32_BIT_CONVERSION = YES;
				GCC_WARN_ABOUT_RETURN_TYPE = YES_ERROR;
				GCC_WARN_UNDECLARED_SELECTOR = YES;
				GCC_WARN_UNINITIALIZED_AUTOS = YES_AGGRESSIVE;
				GCC_WARN_UNUSED_FUNCTION = YES;
				GCC_WARN_UNUSED_VARIABLE = YES;
				INFOPLIST_FILE = "";
				IPHONEOS_DEPLOYMENT_TARGET = 15.2;
				MTL_ENABLE_DEBUG_INFO = INCLUDE_SOURCE;
				MTL_FAST_MATH = YES;
				ONLY_ACTIVE_ARCH = YES;
				SDKROOT = iphoneos;
				SWIFT_ACTIVE_COMPILATION_CONDITIONS = DEBUG;
				SWIFT_OPTIMIZATION_LEVEL = "-Onone";
			};
			name = Debug;
		};
		F63F891827C95DAF00187A4A /* Release */ = {
			isa = XCBuildConfiguration;
			buildSettings = {
				ALWAYS_SEARCH_USER_PATHS = NO;
				CLANG_ANALYZER_NONNULL = YES;
				CLANG_ANALYZER_NUMBER_OBJECT_CONVERSION = YES_AGGRESSIVE;
				CLANG_CXX_LANGUAGE_STANDARD = "gnu++17";
				CLANG_CXX_LIBRARY = "libc++";
				CLANG_ENABLE_MODULES = YES;
				CLANG_ENABLE_OBJC_ARC = YES;
				CLANG_ENABLE_OBJC_WEAK = YES;
				CLANG_WARN_BLOCK_CAPTURE_AUTORELEASING = YES;
				CLANG_WARN_BOOL_CONVERSION = YES;
				CLANG_WARN_COMMA = YES;
				CLANG_WARN_CONSTANT_CONVERSION = YES;
				CLANG_WARN_DEPRECATED_OBJC_IMPLEMENTATIONS = YES;
				CLANG_WARN_DIRECT_OBJC_ISA_USAGE = YES_ERROR;
				CLANG_WARN_DOCUMENTATION_COMMENTS = YES;
				CLANG_WARN_EMPTY_BODY = YES;
				CLANG_WARN_ENUM_CONVERSION = YES;
				CLANG_WARN_INFINITE_RECURSION = YES;
				CLANG_WARN_INT_CONVERSION = YES;
				CLANG_WARN_NON_LITERAL_NULL_CONVERSION = YES;
				CLANG_WARN_OBJC_IMPLICIT_RETAIN_SELF = YES;
				CLANG_WARN_OBJC_LITERAL_CONVERSION = YES;
				CLANG_WARN_OBJC_ROOT_CLASS = YES_ERROR;
				CLANG_WARN_QUOTED_INCLUDE_IN_FRAMEWORK_HEADER = YES;
				CLANG_WARN_RANGE_LOOP_ANALYSIS = YES;
				CLANG_WARN_STRICT_PROTOTYPES = YES;
				CLANG_WARN_SUSPICIOUS_MOVE = YES;
				CLANG_WARN_UNGUARDED_AVAILABILITY = YES_AGGRESSIVE;
				CLANG_WARN_UNREACHABLE_CODE = YES;
				CLANG_WARN__DUPLICATE_METHOD_MATCH = YES;
				COPY_PHASE_STRIP = NO;
				DEBUG_INFORMATION_FORMAT = "dwarf-with-dsym";
				ENABLE_NS_ASSERTIONS = NO;
				ENABLE_STRICT_OBJC_MSGSEND = YES;
				GCC_C_LANGUAGE_STANDARD = gnu11;
				GCC_NO_COMMON_BLOCKS = YES;
				GCC_WARN_64_TO_32_BIT_CONVERSION = YES;
				GCC_WARN_ABOUT_RETURN_TYPE = YES_ERROR;
				GCC_WARN_UNDECLARED_SELECTOR = YES;
				GCC_WARN_UNINITIALIZED_AUTOS = YES_AGGRESSIVE;
				GCC_WARN_UNUSED_FUNCTION = YES;
				GCC_WARN_UNUSED_VARIABLE = YES;
				INFOPLIST_FILE = "";
				IPHONEOS_DEPLOYMENT_TARGET = 15.2;
				MTL_ENABLE_DEBUG_INFO = NO;
				MTL_FAST_MATH = YES;
				SDKROOT = iphoneos;
				SWIFT_COMPILATION_MODE = wholemodule;
				SWIFT_OPTIMIZATION_LEVEL = "-O";
				VALIDATE_PRODUCT = YES;
			};
			name = Release;
		};
		F63F891A27C95DAF00187A4A /* Debug */ = {
			isa = XCBuildConfiguration;
			buildSettings = {
				ASSETCATALOG_COMPILER_APPICON_NAME = AppIcon;
				ASSETCATALOG_COMPILER_GLOBAL_ACCENT_COLOR_NAME = AccentColor;
				CODE_SIGN_STYLE = Automatic;
				CURRENT_PROJECT_VERSION = 1;
				DEVELOPMENT_ASSET_PATHS = "\"MusicByLocation/Preview Content\"";
				ENABLE_PREVIEWS = YES;
				GENERATE_INFOPLIST_FILE = YES;
				INFOPLIST_FILE = "";
				INFOPLIST_KEY_NSLocationWhenInUseUsageDescription = "This app needs your location to find your favourite tunes";
				INFOPLIST_KEY_UIApplicationSceneManifest_Generation = YES;
				INFOPLIST_KEY_UIApplicationSupportsIndirectInputEvents = YES;
				INFOPLIST_KEY_UILaunchScreen_Generation = YES;
				INFOPLIST_KEY_UISupportedInterfaceOrientations_iPad = "UIInterfaceOrientationPortrait UIInterfaceOrientationPortraitUpsideDown UIInterfaceOrientationLandscapeLeft UIInterfaceOrientationLandscapeRight";
				INFOPLIST_KEY_UISupportedInterfaceOrientations_iPhone = "UIInterfaceOrientationPortrait UIInterfaceOrientationLandscapeLeft UIInterfaceOrientationLandscapeRight";
				LD_RUNPATH_SEARCH_PATHS = (
					"$(inherited)",
					"@executable_path/Frameworks",
				);
				MARKETING_VERSION = 1.0;
				PRODUCT_BUNDLE_IDENTIFIER = com.test.MusicByLocation;
				PRODUCT_NAME = "$(TARGET_NAME)";
				SWIFT_EMIT_LOC_STRINGS = YES;
				SWIFT_VERSION = 5.0;
				TARGETED_DEVICE_FAMILY = "1,2";
			};
			name = Debug;
		};
		F63F891B27C95DAF00187A4A /* Release */ = {
			isa = XCBuildConfiguration;
			buildSettings = {
				ASSETCATALOG_COMPILER_APPICON_NAME = AppIcon;
				ASSETCATALOG_COMPILER_GLOBAL_ACCENT_COLOR_NAME = AccentColor;
				CODE_SIGN_STYLE = Automatic;
				CURRENT_PROJECT_VERSION = 1;
				DEVELOPMENT_ASSET_PATHS = "\"MusicByLocation/Preview Content\"";
				ENABLE_PREVIEWS = YES;
				GENERATE_INFOPLIST_FILE = YES;
				INFOPLIST_FILE = "";
				INFOPLIST_KEY_NSLocationWhenInUseUsageDescription = "This app needs your location to find your favourite tunes";
				INFOPLIST_KEY_UIApplicationSceneManifest_Generation = YES;
				INFOPLIST_KEY_UIApplicationSupportsIndirectInputEvents = YES;
				INFOPLIST_KEY_UILaunchScreen_Generation = YES;
				INFOPLIST_KEY_UISupportedInterfaceOrientations_iPad = "UIInterfaceOrientationPortrait UIInterfaceOrientationPortraitUpsideDown UIInterfaceOrientationLandscapeLeft UIInterfaceOrientationLandscapeRight";
				INFOPLIST_KEY_UISupportedInterfaceOrientations_iPhone = "UIInterfaceOrientationPortrait UIInterfaceOrientationLandscapeLeft UIInterfaceOrientationLandscapeRight";
				LD_RUNPATH_SEARCH_PATHS = (
					"$(inherited)",
					"@executable_path/Frameworks",
				);
				MARKETING_VERSION = 1.0;
				PRODUCT_BUNDLE_IDENTIFIER = com.test.MusicByLocation;
				PRODUCT_NAME = "$(TARGET_NAME)";
				SWIFT_EMIT_LOC_STRINGS = YES;
				SWIFT_VERSION = 5.0;
				TARGETED_DEVICE_FAMILY = "1,2";
			};
			name = Release;
		};
		F63F891D27C95DAF00187A4A /* Debug */ = {
			isa = XCBuildConfiguration;
			buildSettings = {
				ALWAYS_EMBED_SWIFT_STANDARD_LIBRARIES = YES;
				BUNDLE_LOADER = "$(TEST_HOST)";
				CODE_SIGN_STYLE = Automatic;
				CURRENT_PROJECT_VERSION = 1;
				GENERATE_INFOPLIST_FILE = YES;
				IPHONEOS_DEPLOYMENT_TARGET = 15.2;
				MARKETING_VERSION = 1.0;
				PRODUCT_BUNDLE_IDENTIFIER = com.test.MusicByLocationTests;
				PRODUCT_NAME = "$(TARGET_NAME)";
				SWIFT_EMIT_LOC_STRINGS = NO;
				SWIFT_VERSION = 5.0;
				TARGETED_DEVICE_FAMILY = "1,2";
				TEST_HOST = "$(BUILT_PRODUCTS_DIR)/MusicByLocation.app/MusicByLocation";
			};
			name = Debug;
		};
		F63F891E27C95DAF00187A4A /* Release */ = {
			isa = XCBuildConfiguration;
			buildSettings = {
				ALWAYS_EMBED_SWIFT_STANDARD_LIBRARIES = YES;
				BUNDLE_LOADER = "$(TEST_HOST)";
				CODE_SIGN_STYLE = Automatic;
				CURRENT_PROJECT_VERSION = 1;
				GENERATE_INFOPLIST_FILE = YES;
				IPHONEOS_DEPLOYMENT_TARGET = 15.2;
				MARKETING_VERSION = 1.0;
				PRODUCT_BUNDLE_IDENTIFIER = com.test.MusicByLocationTests;
				PRODUCT_NAME = "$(TARGET_NAME)";
				SWIFT_EMIT_LOC_STRINGS = NO;
				SWIFT_VERSION = 5.0;
				TARGETED_DEVICE_FAMILY = "1,2";
				TEST_HOST = "$(BUILT_PRODUCTS_DIR)/MusicByLocation.app/MusicByLocation";
			};
			name = Release;
		};
		F63F892027C95DAF00187A4A /* Debug */ = {
			isa = XCBuildConfiguration;
			buildSettings = {
				ALWAYS_EMBED_SWIFT_STANDARD_LIBRARIES = YES;
				CODE_SIGN_STYLE = Automatic;
				CURRENT_PROJECT_VERSION = 1;
				GENERATE_INFOPLIST_FILE = YES;
				MARKETING_VERSION = 1.0;
				PRODUCT_BUNDLE_IDENTIFIER = com.test.MusicByLocationUITests;
				PRODUCT_NAME = "$(TARGET_NAME)";
				SWIFT_EMIT_LOC_STRINGS = NO;
				SWIFT_VERSION = 5.0;
				TARGETED_DEVICE_FAMILY = "1,2";
				TEST_TARGET_NAME = MusicByLocation;
			};
			name = Debug;
		};
		F63F892127C95DAF00187A4A /* Release */ = {
			isa = XCBuildConfiguration;
			buildSettings = {
				ALWAYS_EMBED_SWIFT_STANDARD_LIBRARIES = YES;
				CODE_SIGN_STYLE = Automatic;
				CURRENT_PROJECT_VERSION = 1;
				GENERATE_INFOPLIST_FILE = YES;
				MARKETING_VERSION = 1.0;
				PRODUCT_BUNDLE_IDENTIFIER = com.test.MusicByLocationUITests;
				PRODUCT_NAME = "$(TARGET_NAME)";
				SWIFT_EMIT_LOC_STRINGS = NO;
				SWIFT_VERSION = 5.0;
				TARGETED_DEVICE_FAMILY = "1,2";
				TEST_TARGET_NAME = MusicByLocation;
			};
			name = Release;
		};
/* End XCBuildConfiguration section */

/* Begin XCConfigurationList section */
		F63F88F027C95DAD00187A4A /* Build configuration list for PBXProject "MusicByLocation" */ = {
			isa = XCConfigurationList;
			buildConfigurations = (
				F63F891727C95DAF00187A4A /* Debug */,
				F63F891827C95DAF00187A4A /* Release */,
			);
			defaultConfigurationIsVisible = 0;
			defaultConfigurationName = Release;
		};
		F63F891927C95DAF00187A4A /* Build configuration list for PBXNativeTarget "MusicByLocation" */ = {
			isa = XCConfigurationList;
			buildConfigurations = (
				F63F891A27C95DAF00187A4A /* Debug */,
				F63F891B27C95DAF00187A4A /* Release */,
			);
			defaultConfigurationIsVisible = 0;
			defaultConfigurationName = Release;
		};
		F63F891C27C95DAF00187A4A /* Build configuration list for PBXNativeTarget "MusicByLocationTests" */ = {
			isa = XCConfigurationList;
			buildConfigurations = (
				F63F891D27C95DAF00187A4A /* Debug */,
				F63F891E27C95DAF00187A4A /* Release */,
			);
			defaultConfigurationIsVisible = 0;
			defaultConfigurationName = Release;
		};
		F63F891F27C95DAF00187A4A /* Build configuration list for PBXNativeTarget "MusicByLocationUITests" */ = {
			isa = XCConfigurationList;
			buildConfigurations = (
				F63F892027C95DAF00187A4A /* Debug */,
				F63F892127C95DAF00187A4A /* Release */,
			);
			defaultConfigurationIsVisible = 0;
			defaultConfigurationName = Release;
		};
/* End XCConfigurationList section */
	};
	rootObject = F63F88ED27C95DAD00187A4A /* Project object */;
}
